github.com/madelynnblue/go-dsp v1.0.0 h1:ufzvSGl8IdjCA6BFVUx1cZW/aDiiXxDBWU1MpkrtAiM=
github.com/madelynnblue/go-dsp v1.0.0/go.mod h1:dpf07Rj/u3te6cW3KwRBAqlyjP4InXHhNaYVuY73hHU=
github.com/yalue/onnxruntime_go v1.27.0 h1:c1YSgDNtpf0WGtxj3YeRIb8VC5LmM1J+Ve3uHdteC1U=
github.com/yalue/onnxruntime_go v1.27.0/go.mod h1:b4X26A8pekNb1ACJ58wAXgNKeUCGEAQ9dmACut9Sm/4=
